// !$*UTF8*$!
{
	archiveVersion = 1;
	classes = {
	};
	objectVersion = 46;
	objects = {

/* Begin PBXBuildFile section */
		D4CB3AD913B5BAE800C4B9B3 /* UIKit.framework in Frameworks */ = {isa = PBXBuildFile; fileRef = D4CB3AD813B5BAE800C4B9B3 /* UIKit.framework */; };
		D4CB3ADB13B5BAE800C4B9B3 /* Foundation.framework in Frameworks */ = {isa = PBXBuildFile; fileRef = D4CB3ADA13B5BAE800C4B9B3 /* Foundation.framework */; };
		D4CB3ADD13B5BAE800C4B9B3 /* CoreGraphics.framework in Frameworks */ = {isa = PBXBuildFile; fileRef = D4CB3ADC13B5BAE800C4B9B3 /* CoreGraphics.framework */; };
		D4CB3AE313B5BAE800C4B9B3 /* InfoPlist.strings in Resources */ = {isa = PBXBuildFile; fileRef = D4CB3AE113B5BAE800C4B9B3 /* InfoPlist.strings */; };
		D4CB3AE613B5BAE800C4B9B3 /* main.m in Sources */ = {isa = PBXBuildFile; fileRef = D4CB3AE513B5BAE800C4B9B3 /* main.m */; };
		D4CB3AE913B5BAE800C4B9B3 /* Un3AppDelegate.m in Sources */ = {isa = PBXBuildFile; fileRef = D4CB3AE813B5BAE800C4B9B3 /* Un3AppDelegate.m */; };
		D4CB3AEC13B5BAE800C4B9B3 /* MainWindow.xib in Resources */ = {isa = PBXBuildFile; fileRef = D4CB3AEA13B5BAE800C4B9B3 /* MainWindow.xib */; };
		D4CB3AEF13B5BAE800C4B9B3 /* RootViewController.m in Sources */ = {isa = PBXBuildFile; fileRef = D4CB3AEE13B5BAE800C4B9B3 /* RootViewController.m */; };
		D4CB3AF213B5BAE800C4B9B3 /* RootViewController.xib in Resources */ = {isa = PBXBuildFile; fileRef = D4CB3AF013B5BAE800C4B9B3 /* RootViewController.xib */; };
		D4CB3AF913B5BAE800C4B9B3 /* UIKit.framework in Frameworks */ = {isa = PBXBuildFile; fileRef = D4CB3AD813B5BAE800C4B9B3 /* UIKit.framework */; };
		D4CB3AFA13B5BAE800C4B9B3 /* Foundation.framework in Frameworks */ = {isa = PBXBuildFile; fileRef = D4CB3ADA13B5BAE800C4B9B3 /* Foundation.framework */; };
		D4CB3AFB13B5BAE800C4B9B3 /* CoreGraphics.framework in Frameworks */ = {isa = PBXBuildFile; fileRef = D4CB3ADC13B5BAE800C4B9B3 /* CoreGraphics.framework */; };
		D4CB3B0313B5BAE800C4B9B3 /* InfoPlist.strings in Resources */ = {isa = PBXBuildFile; fileRef = D4CB3B0113B5BAE800C4B9B3 /* InfoPlist.strings */; };
		D4CB3B0613B5BAE800C4B9B3 /* Un3Tests.h in Resources */ = {isa = PBXBuildFile; fileRef = D4CB3B0513B5BAE800C4B9B3 /* Un3Tests.h */; };
		D4CB3B0813B5BAE800C4B9B3 /* Un3Tests.m in Sources */ = {isa = PBXBuildFile; fileRef = D4CB3B0713B5BAE800C4B9B3 /* Un3Tests.m */; };
		D4CB3B1413B5BC0600C4B9B3 /* MainWindow-iPad.xib in Resources */ = {isa = PBXBuildFile; fileRef = D4CB3B1213B5BC0600C4B9B3 /* MainWindow-iPad.xib */; };
		D4CB3B1E13B6418600C4B9B3 /* tools.png in Resources */ = {isa = PBXBuildFile; fileRef = D4CB3B1D13B6418600C4B9B3 /* tools.png */; };
		D4CB3B2513B6456400C4B9B3 /* MyView.m in Sources */ = {isa = PBXBuildFile; fileRef = D4CB3B2313B6456400C4B9B3 /* MyView.m */; };
		D4CB3B2613B6456400C4B9B3 /* MyView.xib in Resources */ = {isa = PBXBuildFile; fileRef = D4CB3B2413B6456400C4B9B3 /* MyView.xib */; };
/* End PBXBuildFile section */

/* Begin PBXContainerItemProxy section */
		D4CB3AFC13B5BAE800C4B9B3 /* PBXContainerItemProxy */ = {
			isa = PBXContainerItemProxy;
			containerPortal = D4CB3ACB13B5BAE800C4B9B3 /* Project object */;
			proxyType = 1;
			remoteGlobalIDString = D4CB3AD313B5BAE800C4B9B3;
			remoteInfo = Un3;
		};
/* End PBXContainerItemProxy section */

/* Begin PBXFileReference section */
		D4CB3AD413B5BAE800C4B9B3 /* Un3.app */ = {isa = PBXFileReference; explicitFileType = wrapper.application; includeInIndex = 0; path = Un3.app; sourceTree = BUILT_PRODUCTS_DIR; };
		D4CB3AD813B5BAE800C4B9B3 /* UIKit.framework */ = {isa = PBXFileReference; lastKnownFileType = wrapper.framework; name = UIKit.framework; path = System/Library/Frameworks/UIKit.framework; sourceTree = SDKROOT; };
		D4CB3ADA13B5BAE800C4B9B3 /* Foundation.framework */ = {isa = PBXFileReference; lastKnownFileType = wrapper.framework; name = Foundation.framework; path = System/Library/Frameworks/Foundation.framework; sourceTree = SDKROOT; };
		D4CB3ADC13B5BAE800C4B9B3 /* CoreGraphics.framework */ = {isa = PBXFileReference; lastKnownFileType = wrapper.framework; name = CoreGraphics.framework; path = System/Library/Frameworks/CoreGraphics.framework; sourceTree = SDKROOT; };
		D4CB3AE013B5BAE800C4B9B3 /* Un3-Info.plist */ = {isa = PBXFileReference; lastKnownFileType = text.plist.xml; path = "Un3-Info.plist"; sourceTree = "<group>"; };
		D4CB3AE213B5BAE800C4B9B3 /* en */ = {isa = PBXFileReference; lastKnownFileType = text.plist.strings; name = en; path = en.lproj/InfoPlist.strings; sourceTree = "<group>"; };
		D4CB3AE413B5BAE800C4B9B3 /* Un3-Prefix.pch */ = {isa = PBXFileReference; lastKnownFileType = sourcecode.c.h; path = "Un3-Prefix.pch"; sourceTree = "<group>"; };
		D4CB3AE513B5BAE800C4B9B3 /* main.m */ = {isa = PBXFileReference; lastKnownFileType = sourcecode.c.objc; path = main.m; sourceTree = "<group>"; };
		D4CB3AE713B5BAE800C4B9B3 /* Un3AppDelegate.h */ = {isa = PBXFileReference; lastKnownFileType = sourcecode.c.h; path = Un3AppDelegate.h; sourceTree = "<group>"; };
		D4CB3AE813B5BAE800C4B9B3 /* Un3AppDelegate.m */ = {isa = PBXFileReference; lastKnownFileType = sourcecode.c.objc; path = Un3AppDelegate.m; sourceTree = "<group>"; };
		D4CB3AEB13B5BAE800C4B9B3 /* en */ = {isa = PBXFileReference; lastKnownFileType = file.xib; name = en; path = en.lproj/MainWindow.xib; sourceTree = "<group>"; };
		D4CB3AED13B5BAE800C4B9B3 /* RootViewController.h */ = {isa = PBXFileReference; lastKnownFileType = sourcecode.c.h; path = RootViewController.h; sourceTree = "<group>"; };
		D4CB3AEE13B5BAE800C4B9B3 /* RootViewController.m */ = {isa = PBXFileReference; lastKnownFileType = sourcecode.c.objc; path = RootViewController.m; sourceTree = "<group>"; };
		D4CB3AF113B5BAE800C4B9B3 /* en */ = {isa = PBXFileReference; lastKnownFileType = file.xib; name = en; path = en.lproj/RootViewController.xib; sourceTree = "<group>"; };
		D4CB3AF813B5BAE800C4B9B3 /* Un3Tests.octest */ = {isa = PBXFileReference; explicitFileType = wrapper.cfbundle; includeInIndex = 0; path = Un3Tests.octest; sourceTree = BUILT_PRODUCTS_DIR; };
		D4CB3B0013B5BAE800C4B9B3 /* Un3Tests-Info.plist */ = {isa = PBXFileReference; lastKnownFileType = text.plist.xml; path = "Un3Tests-Info.plist"; sourceTree = "<group>"; };
		D4CB3B0213B5BAE800C4B9B3 /* en */ = {isa = PBXFileReference; lastKnownFileType = text.plist.strings; name = en; path = en.lproj/InfoPlist.strings; sourceTree = "<group>"; };
		D4CB3B0413B5BAE800C4B9B3 /* Un3Tests-Prefix.pch */ = {isa = PBXFileReference; lastKnownFileType = sourcecode.c.h; path = "Un3Tests-Prefix.pch"; sourceTree = "<group>"; };
		D4CB3B0513B5BAE800C4B9B3 /* Un3Tests.h */ = {isa = PBXFileReference; lastKnownFileType = sourcecode.c.h; path = Un3Tests.h; sourceTree = "<group>"; };
		D4CB3B0713B5BAE800C4B9B3 /* Un3Tests.m */ = {isa = PBXFileReference; lastKnownFileType = sourcecode.c.objc; path = Un3Tests.m; sourceTree = "<group>"; };
		D4CB3B1313B5BC0600C4B9B3 /* en */ = {isa = PBXFileReference; lastKnownFileType = file.xib; name = en; path = "iPad/en.lproj/MainWindow-iPad.xib"; sourceTree = "<group>"; };
		D4CB3B1D13B6418600C4B9B3 /* tools.png */ = {isa = PBXFileReference; lastKnownFileType = image.png; path = tools.png; sourceTree = "<group>"; };
		D4CB3B2213B6456400C4B9B3 /* MyView.h */ = {isa = PBXFileReference; fileEncoding = 4; lastKnownFileType = sourcecode.c.h; path = MyView.h; sourceTree = "<group>"; };
		D4CB3B2313B6456400C4B9B3 /* MyView.m */ = {isa = PBXFileReference; fileEncoding = 4; lastKnownFileType = sourcecode.c.objc; path = MyView.m; sourceTree = "<group>"; };
		D4CB3B2413B6456400C4B9B3 /* MyView.xib */ = {isa = PBXFileReference; fileEncoding = 4; lastKnownFileType = file.xib; path = MyView.xib; sourceTree = "<group>"; };
/* End PBXFileReference section */

/* Begin PBXFrameworksBuildPhase section */
		D4CB3AD113B5BAE800C4B9B3 /* Frameworks */ = {
			isa = PBXFrameworksBuildPhase;
			buildActionMask = 2147483647;
			files = (
				D4CB3AD913B5BAE800C4B9B3 /* UIKit.framework in Frameworks */,
				D4CB3ADB13B5BAE800C4B9B3 /* Foundation.framework in Frameworks */,
				D4CB3ADD13B5BAE800C4B9B3 /* CoreGraphics.framework in Frameworks */,
			);
			runOnlyForDeploymentPostprocessing = 0;
		};
		D4CB3AF413B5BAE800C4B9B3 /* Frameworks */ = {
			isa = PBXFrameworksBuildPhase;
			buildActionMask = 2147483647;
			files = (
				D4CB3AF913B5BAE800C4B9B3 /* UIKit.framework in Frameworks */,
				D4CB3AFA13B5BAE800C4B9B3 /* Foundation.framework in Frameworks */,
				D4CB3AFB13B5BAE800C4B9B3 /* CoreGraphics.framework in Frameworks */,
			);
			runOnlyForDeploymentPostprocessing = 0;
		};
/* End PBXFrameworksBuildPhase section */

/* Begin PBXGroup section */
		D4CB3AC913B5BAE800C4B9B3 = {
			isa = PBXGroup;
			children = (
				D4CB3ADE13B5BAE800C4B9B3 /* Un3 */,
				D4CB3AFE13B5BAE800C4B9B3 /* Un3Tests */,
				D4CB3AD713B5BAE800C4B9B3 /* Frameworks */,
				D4CB3AD513B5BAE800C4B9B3 /* Products */,
			);
			sourceTree = "<group>";
		};
		D4CB3AD513B5BAE800C4B9B3 /* Products */ = {
			isa = PBXGroup;
			children = (
				D4CB3AD413B5BAE800C4B9B3 /* Un3.app */,
				D4CB3AF813B5BAE800C4B9B3 /* Un3Tests.octest */,
			);
			name = Products;
			sourceTree = "<group>";
		};
		D4CB3AD713B5BAE800C4B9B3 /* Frameworks */ = {
			isa = PBXGroup;
			children = (
				D4CB3AD813B5BAE800C4B9B3 /* UIKit.framework */,
				D4CB3ADA13B5BAE800C4B9B3 /* Foundation.framework */,
				D4CB3ADC13B5BAE800C4B9B3 /* CoreGraphics.framework */,
			);
			name = Frameworks;
			sourceTree = "<group>";
		};
		D4CB3ADE13B5BAE800C4B9B3 /* Un3 */ = {
			isa = PBXGroup;
			children = (
				D4CB3B1113B5BC0400C4B9B3 /* iPad */,
				D4CB3AE713B5BAE800C4B9B3 /* Un3AppDelegate.h */,
				D4CB3AE813B5BAE800C4B9B3 /* Un3AppDelegate.m */,
				D4CB3AEA13B5BAE800C4B9B3 /* MainWindow.xib */,
				D4CB3AED13B5BAE800C4B9B3 /* RootViewController.h */,
				D4CB3AEE13B5BAE800C4B9B3 /* RootViewController.m */,
				D4CB3AF013B5BAE800C4B9B3 /* RootViewController.xib */,
				D4CB3B1D13B6418600C4B9B3 /* tools.png */,
				D4CB3ADF13B5BAE800C4B9B3 /* Supporting Files */,
			);
			path = Un3;
			sourceTree = "<group>";
		};
		D4CB3ADF13B5BAE800C4B9B3 /* Supporting Files */ = {
			isa = PBXGroup;
			children = (
				D4CB3AE013B5BAE800C4B9B3 /* Un3-Info.plist */,
				D4CB3AE113B5BAE800C4B9B3 /* InfoPlist.strings */,
				D4CB3AE413B5BAE800C4B9B3 /* Un3-Prefix.pch */,
				D4CB3AE513B5BAE800C4B9B3 /* main.m */,
			);
			name = "Supporting Files";
			sourceTree = "<group>";
		};
		D4CB3AFE13B5BAE800C4B9B3 /* Un3Tests */ = {
			isa = PBXGroup;
			children = (
				D4CB3B0513B5BAE800C4B9B3 /* Un3Tests.h */,
				D4CB3B0713B5BAE800C4B9B3 /* Un3Tests.m */,
				D4CB3AFF13B5BAE800C4B9B3 /* Supporting Files */,
			);
			path = Un3Tests;
			sourceTree = "<group>";
		};
		D4CB3AFF13B5BAE800C4B9B3 /* Supporting Files */ = {
			isa = PBXGroup;
			children = (
				D4CB3B0013B5BAE800C4B9B3 /* Un3Tests-Info.plist */,
				D4CB3B0113B5BAE800C4B9B3 /* InfoPlist.strings */,
				D4CB3B0413B5BAE800C4B9B3 /* Un3Tests-Prefix.pch */,
			);
			name = "Supporting Files";
			sourceTree = "<group>";
		};
		D4CB3B1113B5BC0400C4B9B3 /* iPad */ = {
			isa = PBXGroup;
			children = (
				D4CB3B1213B5BC0600C4B9B3 /* MainWindow-iPad.xib */,
				D4CB3B2213B6456400C4B9B3 /* MyView.h */,
				D4CB3B2313B6456400C4B9B3 /* MyView.m */,
				D4CB3B2413B6456400C4B9B3 /* MyView.xib */,
			);
			name = iPad;
			sourceTree = "<group>";
		};
/* End PBXGroup section */

/* Begin PBXNativeTarget section */
		D4CB3AD313B5BAE800C4B9B3 /* Un3 */ = {
			isa = PBXNativeTarget;
			buildConfigurationList = D4CB3B0B13B5BAE800C4B9B3 /* Build configuration list for PBXNativeTarget "Un3" */;
			buildPhases = (
				D4CB3AD013B5BAE800C4B9B3 /* Sources */,
				D4CB3AD113B5BAE800C4B9B3 /* Frameworks */,
				D4CB3AD213B5BAE800C4B9B3 /* Resources */,
			);
			buildRules = (
			);
			dependencies = (
			);
			name = Un3;
			productName = Un3;
			productReference = D4CB3AD413B5BAE800C4B9B3 /* Un3.app */;
			productType = "com.apple.product-type.application";
		};
		D4CB3AF713B5BAE800C4B9B3 /* Un3Tests */ = {
			isa = PBXNativeTarget;
			buildConfigurationList = D4CB3B0E13B5BAE800C4B9B3 /* Build configuration list for PBXNativeTarget "Un3Tests" */;
			buildPhases = (
				D4CB3AF313B5BAE800C4B9B3 /* Sources */,
				D4CB3AF413B5BAE800C4B9B3 /* Frameworks */,
				D4CB3AF513B5BAE800C4B9B3 /* Resources */,
				D4CB3AF613B5BAE800C4B9B3 /* ShellScript */,
			);
			buildRules = (
			);
			dependencies = (
				D4CB3AFD13B5BAE800C4B9B3 /* PBXTargetDependency */,
			);
			name = Un3Tests;
			productName = Un3Tests;
			productReference = D4CB3AF813B5BAE800C4B9B3 /* Un3Tests.octest */;
			productType = "com.apple.product-type.bundle";
		};
/* End PBXNativeTarget section */

/* Begin PBXProject section */
		D4CB3ACB13B5BAE800C4B9B3 /* Project object */ = {
			isa = PBXProject;
			buildConfigurationList = D4CB3ACE13B5BAE800C4B9B3 /* Build configuration list for PBXProject "Un3" */;
			compatibilityVersion = "Xcode 3.2";
			developmentRegion = English;
			hasScannedForEncodings = 0;
			knownRegions = (
				en,
			);
			mainGroup = D4CB3AC913B5BAE800C4B9B3;
			productRefGroup = D4CB3AD513B5BAE800C4B9B3 /* Products */;
			projectDirPath = "";
			projectRoot = "";
			targets = (
				D4CB3AD313B5BAE800C4B9B3 /* Un3 */,
				D4CB3AF713B5BAE800C4B9B3 /* Un3Tests */,
			);
		};
/* End PBXProject section */

/* Begin PBXResourcesBuildPhase section */
		D4CB3AD213B5BAE800C4B9B3 /* Resources */ = {
			isa = PBXResourcesBuildPhase;
			buildActionMask = 2147483647;
			files = (
				D4CB3AE313B5BAE800C4B9B3 /* InfoPlist.strings in Resources */,
				D4CB3AEC13B5BAE800C4B9B3 /* MainWindow.xib in Resources */,
				D4CB3AF213B5BAE800C4B9B3 /* RootViewController.xib in Resources */,
				D4CB3B1413B5BC0600C4B9B3 /* MainWindow-iPad.xib in Resources */,
				D4CB3B1E13B6418600C4B9B3 /* tools.png in Resources */,
				D4CB3B2613B6456400C4B9B3 /* MyView.xib in Resources */,
			);
			runOnlyForDeploymentPostprocessing = 0;
		};
		D4CB3AF513B5BAE800C4B9B3 /* Resources */ = {
			isa = PBXResourcesBuildPhase;
			buildActionMask = 2147483647;
			files = (
				D4CB3B0313B5BAE800C4B9B3 /* InfoPlist.strings in Resources */,
				D4CB3B0613B5BAE800C4B9B3 /* Un3Tests.h in Resources */,
			);
			runOnlyForDeploymentPostprocessing = 0;
		};
/* End PBXResourcesBuildPhase section */

/* Begin PBXShellScriptBuildPhase section */
		D4CB3AF613B5BAE800C4B9B3 /* ShellScript */ = {
			isa = PBXShellScriptBuildPhase;
			buildActionMask = 2147483647;
			files = (
			);
			inputPaths = (
			);
			outputPaths = (
			);
			runOnlyForDeploymentPostprocessing = 0;
			shellPath = /bin/sh;
			shellScript = "# Run the unit tests in this test bundle.\n\"${SYSTEM_DEVELOPER_DIR}/Tools/RunUnitTests\"\n";
		};
/* End PBXShellScriptBuildPhase section */

/* Begin PBXSourcesBuildPhase section */
		D4CB3AD013B5BAE800C4B9B3 /* Sources */ = {
			isa = PBXSourcesBuildPhase;
			buildActionMask = 2147483647;
			files = (
				D4CB3AE613B5BAE800C4B9B3 /* main.m in Sources */,
				D4CB3AE913B5BAE800C4B9B3 /* Un3AppDelegate.m in Sources */,
				D4CB3AEF13B5BAE800C4B9B3 /* RootViewController.m in Sources */,
				D4CB3B2513B6456400C4B9B3 /* MyView.m in Sources */,
			);
			runOnlyForDeploymentPostprocessing = 0;
		};
		D4CB3AF313B5BAE800C4B9B3 /* Sources */ = {
			isa = PBXSourcesBuildPhase;
			buildActionMask = 2147483647;
			files = (
				D4CB3B0813B5BAE800C4B9B3 /* Un3Tests.m in Sources */,
			);
			runOnlyForDeploymentPostprocessing = 0;
		};
/* End PBXSourcesBuildPhase section */

/* Begin PBXTargetDependency section */
		D4CB3AFD13B5BAE800C4B9B3 /* PBXTargetDependency */ = {
			isa = PBXTargetDependency;
			target = D4CB3AD313B5BAE800C4B9B3 /* Un3 */;
			targetProxy = D4CB3AFC13B5BAE800C4B9B3 /* PBXContainerItemProxy */;
		};
/* End PBXTargetDependency section */

/* Begin PBXVariantGroup section */
		D4CB3AE113B5BAE800C4B9B3 /* InfoPlist.strings */ = {
			isa = PBXVariantGroup;
			children = (
				D4CB3AE213B5BAE800C4B9B3 /* en */,
			);
			name = InfoPlist.strings;
			sourceTree = "<group>";
		};
		D4CB3AEA13B5BAE800C4B9B3 /* MainWindow.xib */ = {
			isa = PBXVariantGroup;
			children = (
				D4CB3AEB13B5BAE800C4B9B3 /* en */,
			);
			name = MainWindow.xib;
			sourceTree = "<group>";
		};
		D4CB3AF013B5BAE800C4B9B3 /* RootViewController.xib */ = {
			isa = PBXVariantGroup;
			children = (
				D4CB3AF113B5BAE800C4B9B3 /* en */,
			);
			name = RootViewController.xib;
			sourceTree = "<group>";
		};
		D4CB3B0113B5BAE800C4B9B3 /* InfoPlist.strings */ = {
			isa = PBXVariantGroup;
			children = (
				D4CB3B0213B5BAE800C4B9B3 /* en */,
			);
			name = InfoPlist.strings;
			sourceTree = "<group>";
		};
		D4CB3B1213B5BC0600C4B9B3 /* MainWindow-iPad.xib */ = {
			isa = PBXVariantGroup;
			children = (
				D4CB3B1313B5BC0600C4B9B3 /* en */,
			);
			name = "MainWindow-iPad.xib";
			sourceTree = "<group>";
		};
/* End PBXVariantGroup section */

/* Begin XCBuildConfiguration section */
		D4CB3B0913B5BAE800C4B9B3 /* Debug */ = {
			isa = XCBuildConfiguration;
			buildSettings = {
				ARCHS = "$(ARCHS_STANDARD_32_BIT)";
				"CODE_SIGN_IDENTITY[sdk=iphoneos*]" = "iPhone Developer";
				GCC_C_LANGUAGE_STANDARD = gnu99;
				GCC_OPTIMIZATION_LEVEL = 0;
				GCC_PREPROCESSOR_DEFINITIONS = DEBUG;
				GCC_SYMBOLS_PRIVATE_EXTERN = NO;
				GCC_VERSION = com.apple.compilers.llvmgcc42;
				GCC_WARN_ABOUT_RETURN_TYPE = YES;
				GCC_WARN_UNUSED_VARIABLE = YES;
				IPHONEOS_DEPLOYMENT_TARGET = 4.3;
				SDKROOT = iphoneos;
			};
			name = Debug;
		};
		D4CB3B0A13B5BAE800C4B9B3 /* Release */ = {
			isa = XCBuildConfiguration;
			buildSettings = {
				ARCHS = "$(ARCHS_STANDARD_32_BIT)";
				"CODE_SIGN_IDENTITY[sdk=iphoneos*]" = "iPhone Developer";
				GCC_C_LANGUAGE_STANDARD = gnu99;
				GCC_VERSION = com.apple.compilers.llvmgcc42;
				GCC_WARN_ABOUT_RETURN_TYPE = YES;
				GCC_WARN_UNUSED_VARIABLE = YES;
				IPHONEOS_DEPLOYMENT_TARGET = 4.3;
				OTHER_CFLAGS = "-DNS_BLOCK_ASSERTIONS=1";
				SDKROOT = iphoneos;
			};
			name = Release;
		};
		D4CB3B0C13B5BAE800C4B9B3 /* Debug */ = {
			isa = XCBuildConfiguration;
			buildSettings = {
				ALWAYS_SEARCH_USER_PATHS = NO;
				COPY_PHASE_STRIP = NO;
				GCC_DYNAMIC_NO_PIC = NO;
				GCC_PRECOMPILE_PREFIX_HEADER = YES;
				GCC_PREFIX_HEADER = "Un3/Un3-Prefix.pch";
				INFOPLIST_FILE = "Un3/Un3-Info.plist";
				IPHONEOS_DEPLOYMENT_TARGET = 4.3;
				PRODUCT_NAME = "$(TARGET_NAME)";
				TARGETED_DEVICE_FAMILY = 2;
				WRAPPER_EXTENSION = app;
			};
			name = Debug;
		};
		D4CB3B0D13B5BAE800C4B9B3 /* Release */ = {
			isa = XCBuildConfiguration;
			buildSettings = {
				ALWAYS_SEARCH_USER_PATHS = NO;
				COPY_PHASE_STRIP = YES;
				GCC_PRECOMPILE_PREFIX_HEADER = YES;
				GCC_PREFIX_HEADER = "Un3/Un3-Prefix.pch";
				INFOPLIST_FILE = "Un3/Un3-Info.plist";
				IPHONEOS_DEPLOYMENT_TARGET = 4.3;
				PRODUCT_NAME = "$(TARGET_NAME)";
				TARGETED_DEVICE_FAMILY = 2;
				VALIDATE_PRODUCT = YES;
				WRAPPER_EXTENSION = app;
			};
			name = Release;
		};
		D4CB3B0F13B5BAE800C4B9B3 /* Debug */ = {
			isa = XCBuildConfiguration;
			buildSettings = {
				ALWAYS_SEARCH_USER_PATHS = NO;
				BUNDLE_LOADER = "$(BUILT_PRODUCTS_DIR)/Un3.app/Un3";
				FRAMEWORK_SEARCH_PATHS = (
					"$(SDKROOT)/Developer/Library/Frameworks",
					"$(DEVELOPER_LIBRARY_DIR)/Frameworks",
				);
				GCC_PRECOMPILE_PREFIX_HEADER = YES;
				GCC_PREFIX_HEADER = "Un3Tests/Un3Tests-Prefix.pch";
				INFOPLIST_FILE = "Un3Tests/Un3Tests-Info.plist";
				OTHER_LDFLAGS = (
					"-framework",
					SenTestingKit,
				);
				PRODUCT_NAME = "$(TARGET_NAME)";
				TEST_HOST = "$(BUNDLE_LOADER)";
				WRAPPER_EXTENSION = octest;
			};
			name = Debug;
		};
		D4CB3B1013B5BAE800C4B9B3 /* Release */ = {
			isa = XCBuildConfiguration;
			buildSettings = {
				ALWAYS_SEARCH_USER_PATHS = NO;
				BUNDLE_LOADER = "$(BUILT_PRODUCTS_DIR)/Un3.app/Un3";
				FRAMEWORK_SEARCH_PATHS = (
					"$(SDKROOT)/Developer/Library/Frameworks",
					"$(DEVELOPER_LIBRARY_DIR)/Frameworks",
				);
				GCC_PRECOMPILE_PREFIX_HEADER = YES;
				GCC_PREFIX_HEADER = "Un3Tests/Un3Tests-Prefix.pch";
				INFOPLIST_FILE = "Un3Tests/Un3Tests-Info.plist";
				OTHER_LDFLAGS = (
					"-framework",
					SenTestingKit,
				);
				PRODUCT_NAME = "$(TARGET_NAME)";
				TEST_HOST = "$(BUNDLE_LOADER)";
				WRAPPER_EXTENSION = octest;
			};
			name = Release;
		};
/* End XCBuildConfiguration section */

/* Begin XCConfigurationList section */
		D4CB3ACE13B5BAE800C4B9B3 /* Build configuration list for PBXProject "Un3" */ = {
			isa = XCConfigurationList;
			buildConfigurations = (
				D4CB3B0913B5BAE800C4B9B3 /* Debug */,
				D4CB3B0A13B5BAE800C4B9B3 /* Release */,
			);
			defaultConfigurationIsVisible = 0;
			defaultConfigurationName = Release;
		};
		D4CB3B0B13B5BAE800C4B9B3 /* Build configuration list for PBXNativeTarget "Un3" */ = {
			isa = XCConfigurationList;
			buildConfigurations = (
				D4CB3B0C13B5BAE800C4B9B3 /* Debug */,
				D4CB3B0D13B5BAE800C4B9B3 /* Release */,
			);
			defaultConfigurationIsVisible = 0;
			defaultConfigurationName = Release;
		};
		D4CB3B0E13B5BAE800C4B9B3 /* Build configuration list for PBXNativeTarget "Un3Tests" */ = {
			isa = XCConfigurationList;
			buildConfigurations = (
				D4CB3B0F13B5BAE800C4B9B3 /* Debug */,
				D4CB3B1013B5BAE800C4B9B3 /* Release */,
			);
			defaultConfigurationIsVisible = 0;
			defaultConfigurationName = Release;
		};
/* End XCConfigurationList section */
	};
	rootObject = D4CB3ACB13B5BAE800C4B9B3 /* Project object */;
}
