// !$*UTF8*$!
{
	archiveVersion = 1;
	classes = {
	};
	objectVersion = 46;
	objects = {

/* Begin PBXBuildFile section */
		1D3623260D0F684500981E51 /* ReceptacleSandboxAppDelegate.m in Sources */ = {isa = PBXBuildFile; fileRef = 1D3623250D0F684500981E51 /* ReceptacleSandboxAppDelegate.m */; };
		1D60589B0D05DD56006BFB54 /* main.m in Sources */ = {isa = PBXBuildFile; fileRef = 29B97316FDCFA39411CA2CEA /* main.m */; };
		1D60589F0D05DD5A006BFB54 /* Foundation.framework in Frameworks */ = {isa = PBXBuildFile; fileRef = 1D30AB110D05D00D00671497 /* Foundation.framework */; };
		1DF5F4E00D08C38300B7A737 /* UIKit.framework in Frameworks */ = {isa = PBXBuildFile; fileRef = 1DF5F4DF0D08C38300B7A737 /* UIKit.framework */; };
		28193055112F811F00ECF9B4 /* ReceptacleSandbox.xcdatamodeld in Sources */ = {isa = PBXBuildFile; fileRef = 28193054112F811F00ECF9B4 /* ReceptacleSandbox.xcdatamodeld */; };
		288765A50DF7441C002DB57D /* CoreGraphics.framework in Frameworks */ = {isa = PBXBuildFile; fileRef = 288765A40DF7441C002DB57D /* CoreGraphics.framework */; };
		28AD733F0D9D9553002E5188 /* MainWindow.xib in Resources */ = {isa = PBXBuildFile; fileRef = 28AD733E0D9D9553002E5188 /* MainWindow.xib */; };
		28D801B40F44B63D00FB423F /* CoreData.framework in Frameworks */ = {isa = PBXBuildFile; fileRef = 28D801B30F44B63D00FB423F /* CoreData.framework */; };
		D4042B1A13A069A700410813 /* MyHttpConnection.m in Sources */ = {isa = PBXBuildFile; fileRef = D4042B1913A069A700410813 /* MyHttpConnection.m */; };
		D422778B13A052A900C77138 /* DDLog.m in Sources */ = {isa = PBXBuildFile; fileRef = D422776213A052A900C77138 /* DDLog.m */; };
		D422778C13A052A900C77138 /* DDTTYLogger.m in Sources */ = {isa = PBXBuildFile; fileRef = D422776413A052A900C77138 /* DDTTYLogger.m */; };
		D422778D13A052A900C77138 /* DDASLLogger.m in Sources */ = {isa = PBXBuildFile; fileRef = D422776613A052A900C77138 /* DDASLLogger.m */; };
		D422778E13A052A900C77138 /* DDFileLogger.m in Sources */ = {isa = PBXBuildFile; fileRef = D422776813A052A900C77138 /* DDFileLogger.m */; };
		D422778F13A052A900C77138 /* GCDAsyncSocket.m in Sources */ = {isa = PBXBuildFile; fileRef = D422776B13A052A900C77138 /* GCDAsyncSocket.m */; };
		D422779013A052A900C77138 /* HTTPAuthenticationRequest.m in Sources */ = {isa = PBXBuildFile; fileRef = D422776F13A052A900C77138 /* HTTPAuthenticationRequest.m */; };
		D422779113A052A900C77138 /* HTTPServer.m in Sources */ = {isa = PBXBuildFile; fileRef = D422777113A052A900C77138 /* HTTPServer.m */; };
		D422779213A052A900C77138 /* HTTPConnection.m in Sources */ = {isa = PBXBuildFile; fileRef = D422777313A052A900C77138 /* HTTPConnection.m */; };
		D422779313A052A900C77138 /* HTTPMessage.m in Sources */ = {isa = PBXBuildFile; fileRef = D422777513A052A900C77138 /* HTTPMessage.m */; };
		D422779413A052A900C77138 /* WebSocket.m in Sources */ = {isa = PBXBuildFile; fileRef = D422777813A052A900C77138 /* WebSocket.m */; };
		D422779513A052A900C77138 /* HTTPAsyncFileResponse.m in Sources */ = {isa = PBXBuildFile; fileRef = D422777B13A052A900C77138 /* HTTPAsyncFileResponse.m */; };
		D422779613A052A900C77138 /* HTTPDataResponse.m in Sources */ = {isa = PBXBuildFile; fileRef = D422777D13A052A900C77138 /* HTTPDataResponse.m */; };
		D422779713A052A900C77138 /* HTTPDynamicFileResponse.m in Sources */ = {isa = PBXBuildFile; fileRef = D422777F13A052A900C77138 /* HTTPDynamicFileResponse.m */; };
		D422779813A052A900C77138 /* HTTPFileResponse.m in Sources */ = {isa = PBXBuildFile; fileRef = D422778113A052A900C77138 /* HTTPFileResponse.m */; };
		D422779913A052A900C77138 /* HTTPRedirectResponse.m in Sources */ = {isa = PBXBuildFile; fileRef = D422778313A052A900C77138 /* HTTPRedirectResponse.m */; };
		D422779A13A052A900C77138 /* DDData.m in Sources */ = {isa = PBXBuildFile; fileRef = D422778613A052A900C77138 /* DDData.m */; };
		D422779B13A052A900C77138 /* DDNumber.m in Sources */ = {isa = PBXBuildFile; fileRef = D422778813A052A900C77138 /* DDNumber.m */; };
		D422779C13A052A900C77138 /* DDRange.m in Sources */ = {isa = PBXBuildFile; fileRef = D422778A13A052A900C77138 /* DDRange.m */; };
		D42277D313A053FB00C77138 /* CFNetwork.framework in Frameworks */ = {isa = PBXBuildFile; fileRef = D42277D213A053FB00C77138 /* CFNetwork.framework */; };
/* End PBXBuildFile section */

/* Begin PBXFileReference section */
		1D30AB110D05D00D00671497 /* Foundation.framework */ = {isa = PBXFileReference; lastKnownFileType = wrapper.framework; name = Foundation.framework; path = System/Library/Frameworks/Foundation.framework; sourceTree = SDKROOT; };
		1D3623240D0F684500981E51 /* ReceptacleSandboxAppDelegate.h */ = {isa = PBXFileReference; fileEncoding = 4; lastKnownFileType = sourcecode.c.h; path = ReceptacleSandboxAppDelegate.h; sourceTree = "<group>"; };
		1D3623250D0F684500981E51 /* ReceptacleSandboxAppDelegate.m */ = {isa = PBXFileReference; fileEncoding = 4; lastKnownFileType = sourcecode.c.objc; path = ReceptacleSandboxAppDelegate.m; sourceTree = "<group>"; };
		1D6058910D05DD3D006BFB54 /* ReceptacleSandbox.app */ = {isa = PBXFileReference; explicitFileType = wrapper.application; includeInIndex = 0; path = ReceptacleSandbox.app; sourceTree = BUILT_PRODUCTS_DIR; };
		1DF5F4DF0D08C38300B7A737 /* UIKit.framework */ = {isa = PBXFileReference; lastKnownFileType = wrapper.framework; name = UIKit.framework; path = System/Library/Frameworks/UIKit.framework; sourceTree = SDKROOT; };
		288765A40DF7441C002DB57D /* CoreGraphics.framework */ = {isa = PBXFileReference; lastKnownFileType = wrapper.framework; name = CoreGraphics.framework; path = System/Library/Frameworks/CoreGraphics.framework; sourceTree = SDKROOT; };
		28AD733E0D9D9553002E5188 /* MainWindow.xib */ = {isa = PBXFileReference; lastKnownFileType = file.xib; path = MainWindow.xib; sourceTree = "<group>"; };
		28C3AD890F43EF2300507BA6 /* ReceptacleSandbox.xcdatamodel */ = {isa = PBXFileReference; fileEncoding = 4; lastKnownFileType = wrapper.xcdatamodel; path = ReceptacleSandbox.xcdatamodel; sourceTree = "<group>"; };
		28D801B30F44B63D00FB423F /* CoreData.framework */ = {isa = PBXFileReference; lastKnownFileType = wrapper.framework; name = CoreData.framework; path = System/Library/Frameworks/CoreData.framework; sourceTree = SDKROOT; };
		29B97316FDCFA39411CA2CEA /* main.m */ = {isa = PBXFileReference; fileEncoding = 4; lastKnownFileType = sourcecode.c.objc; path = main.m; sourceTree = "<group>"; };
		32CA4F630368D1EE00C91783 /* ReceptacleSandbox_Prefix.pch */ = {isa = PBXFileReference; fileEncoding = 4; lastKnownFileType = sourcecode.c.h; path = ReceptacleSandbox_Prefix.pch; sourceTree = "<group>"; };
		8D1107310486CEB800E47090 /* ReceptacleSandbox-Info.plist */ = {isa = PBXFileReference; fileEncoding = 4; lastKnownFileType = text.plist.xml; path = "ReceptacleSandbox-Info.plist"; plistStructureDefinitionIdentifier = "com.apple.xcode.plist.structure-definition.iphone.info-plist"; sourceTree = "<group>"; };
		D4042B1813A069A700410813 /* MyHttpConnection.h */ = {isa = PBXFileReference; fileEncoding = 4; lastKnownFileType = sourcecode.c.h; path = MyHttpConnection.h; sourceTree = "<group>"; };
		D4042B1913A069A700410813 /* MyHttpConnection.m */ = {isa = PBXFileReference; fileEncoding = 4; lastKnownFileType = sourcecode.c.objc; path = MyHttpConnection.m; sourceTree = "<group>"; };
		D422776113A052A900C77138 /* DDLog.h */ = {isa = PBXFileReference; fileEncoding = 4; lastKnownFileType = sourcecode.c.h; name = DDLog.h; path = ../cocoahttpserver/Vendor/CocoaLumberjack/DDLog.h; sourceTree = SOURCE_ROOT; };
		D422776213A052A900C77138 /* DDLog.m */ = {isa = PBXFileReference; fileEncoding = 4; lastKnownFileType = sourcecode.c.objc; name = DDLog.m; path = ../cocoahttpserver/Vendor/CocoaLumberjack/DDLog.m; sourceTree = SOURCE_ROOT; };
		D422776313A052A900C77138 /* DDTTYLogger.h */ = {isa = PBXFileReference; fileEncoding = 4; lastKnownFileType = sourcecode.c.h; name = DDTTYLogger.h; path = ../cocoahttpserver/Vendor/CocoaLumberjack/DDTTYLogger.h; sourceTree = SOURCE_ROOT; };
		D422776413A052A900C77138 /* DDTTYLogger.m */ = {isa = PBXFileReference; fileEncoding = 4; lastKnownFileType = sourcecode.c.objc; name = DDTTYLogger.m; path = ../cocoahttpserver/Vendor/CocoaLumberjack/DDTTYLogger.m; sourceTree = SOURCE_ROOT; };
		D422776513A052A900C77138 /* DDASLLogger.h */ = {isa = PBXFileReference; fileEncoding = 4; lastKnownFileType = sourcecode.c.h; name = DDASLLogger.h; path = ../cocoahttpserver/Vendor/CocoaLumberjack/DDASLLogger.h; sourceTree = SOURCE_ROOT; };
		D422776613A052A900C77138 /* DDASLLogger.m */ = {isa = PBXFileReference; fileEncoding = 4; lastKnownFileType = sourcecode.c.objc; name = DDASLLogger.m; path = ../cocoahttpserver/Vendor/CocoaLumberjack/DDASLLogger.m; sourceTree = SOURCE_ROOT; };
		D422776713A052A900C77138 /* DDFileLogger.h */ = {isa = PBXFileReference; fileEncoding = 4; lastKnownFileType = sourcecode.c.h; name = DDFileLogger.h; path = ../cocoahttpserver/Vendor/CocoaLumberjack/DDFileLogger.h; sourceTree = SOURCE_ROOT; };
		D422776813A052A900C77138 /* DDFileLogger.m */ = {isa = PBXFileReference; fileEncoding = 4; lastKnownFileType = sourcecode.c.objc; name = DDFileLogger.m; path = ../cocoahttpserver/Vendor/CocoaLumberjack/DDFileLogger.m; sourceTree = SOURCE_ROOT; };
		D422776A13A052A900C77138 /* GCDAsyncSocket.h */ = {isa = PBXFileReference; fileEncoding = 4; lastKnownFileType = sourcecode.c.h; name = GCDAsyncSocket.h; path = ../cocoahttpserver/Vendor/CocoaAsyncSocket/GCDAsyncSocket.h; sourceTree = SOURCE_ROOT; };
		D422776B13A052A900C77138 /* GCDAsyncSocket.m */ = {isa = PBXFileReference; fileEncoding = 4; lastKnownFileType = sourcecode.c.objc; name = GCDAsyncSocket.m; path = ../cocoahttpserver/Vendor/CocoaAsyncSocket/GCDAsyncSocket.m; sourceTree = SOURCE_ROOT; };
		D422776D13A052A900C77138 /* HTTPLogging.h */ = {isa = PBXFileReference; fileEncoding = 4; lastKnownFileType = sourcecode.c.h; name = HTTPLogging.h; path = ../cocoahttpserver/Core/HTTPLogging.h; sourceTree = SOURCE_ROOT; };
		D422776E13A052A900C77138 /* HTTPAuthenticationRequest.h */ = {isa = PBXFileReference; fileEncoding = 4; lastKnownFileType = sourcecode.c.h; name = HTTPAuthenticationRequest.h; path = ../cocoahttpserver/Core/HTTPAuthenticationRequest.h; sourceTree = SOURCE_ROOT; };
		D422776F13A052A900C77138 /* HTTPAuthenticationRequest.m */ = {isa = PBXFileReference; fileEncoding = 4; lastKnownFileType = sourcecode.c.objc; name = HTTPAuthenticationRequest.m; path = ../cocoahttpserver/Core/HTTPAuthenticationRequest.m; sourceTree = SOURCE_ROOT; };
		D422777013A052A900C77138 /* HTTPServer.h */ = {isa = PBXFileReference; fileEncoding = 4; lastKnownFileType = sourcecode.c.h; name = HTTPServer.h; path = ../cocoahttpserver/Core/HTTPServer.h; sourceTree = SOURCE_ROOT; };
		D422777113A052A900C77138 /* HTTPServer.m */ = {isa = PBXFileReference; fileEncoding = 4; lastKnownFileType = sourcecode.c.objc; name = HTTPServer.m; path = ../cocoahttpserver/Core/HTTPServer.m; sourceTree = SOURCE_ROOT; };
		D422777213A052A900C77138 /* HTTPConnection.h */ = {isa = PBXFileReference; fileEncoding = 4; lastKnownFileType = sourcecode.c.h; name = HTTPConnection.h; path = ../cocoahttpserver/Core/HTTPConnection.h; sourceTree = SOURCE_ROOT; };
		D422777313A052A900C77138 /* HTTPConnection.m */ = {isa = PBXFileReference; fileEncoding = 4; lastKnownFileType = sourcecode.c.objc; name = HTTPConnection.m; path = ../cocoahttpserver/Core/HTTPConnection.m; sourceTree = SOURCE_ROOT; };
		D422777413A052A900C77138 /* HTTPMessage.h */ = {isa = PBXFileReference; fileEncoding = 4; lastKnownFileType = sourcecode.c.h; name = HTTPMessage.h; path = ../cocoahttpserver/Core/HTTPMessage.h; sourceTree = SOURCE_ROOT; };
		D422777513A052A900C77138 /* HTTPMessage.m */ = {isa = PBXFileReference; fileEncoding = 4; lastKnownFileType = sourcecode.c.objc; name = HTTPMessage.m; path = ../cocoahttpserver/Core/HTTPMessage.m; sourceTree = SOURCE_ROOT; };
		D422777613A052A900C77138 /* HTTPResponse.h */ = {isa = PBXFileReference; fileEncoding = 4; lastKnownFileType = sourcecode.c.h; name = HTTPResponse.h; path = ../cocoahttpserver/Core/HTTPResponse.h; sourceTree = SOURCE_ROOT; };
		D422777713A052A900C77138 /* WebSocket.h */ = {isa = PBXFileReference; fileEncoding = 4; lastKnownFileType = sourcecode.c.h; name = WebSocket.h; path = ../cocoahttpserver/Core/WebSocket.h; sourceTree = SOURCE_ROOT; };
		D422777813A052A900C77138 /* WebSocket.m */ = {isa = PBXFileReference; fileEncoding = 4; lastKnownFileType = sourcecode.c.objc; name = WebSocket.m; path = ../cocoahttpserver/Core/WebSocket.m; sourceTree = SOURCE_ROOT; };
		D422777A13A052A900C77138 /* HTTPAsyncFileResponse.h */ = {isa = PBXFileReference; fileEncoding = 4; lastKnownFileType = sourcecode.c.h; path = HTTPAsyncFileResponse.h; sourceTree = "<group>"; };
		D422777B13A052A900C77138 /* HTTPAsyncFileResponse.m */ = {isa = PBXFileReference; fileEncoding = 4; lastKnownFileType = sourcecode.c.objc; path = HTTPAsyncFileResponse.m; sourceTree = "<group>"; };
		D422777C13A052A900C77138 /* HTTPDataResponse.h */ = {isa = PBXFileReference; fileEncoding = 4; lastKnownFileType = sourcecode.c.h; path = HTTPDataResponse.h; sourceTree = "<group>"; };
		D422777D13A052A900C77138 /* HTTPDataResponse.m */ = {isa = PBXFileReference; fileEncoding = 4; lastKnownFileType = sourcecode.c.objc; path = HTTPDataResponse.m; sourceTree = "<group>"; };
		D422777E13A052A900C77138 /* HTTPDynamicFileResponse.h */ = {isa = PBXFileReference; fileEncoding = 4; lastKnownFileType = sourcecode.c.h; path = HTTPDynamicFileResponse.h; sourceTree = "<group>"; };
		D422777F13A052A900C77138 /* HTTPDynamicFileResponse.m */ = {isa = PBXFileReference; fileEncoding = 4; lastKnownFileType = sourcecode.c.objc; path = HTTPDynamicFileResponse.m; sourceTree = "<group>"; };
		D422778013A052A900C77138 /* HTTPFileResponse.h */ = {isa = PBXFileReference; fileEncoding = 4; lastKnownFileType = sourcecode.c.h; path = HTTPFileResponse.h; sourceTree = "<group>"; };
		D422778113A052A900C77138 /* HTTPFileResponse.m */ = {isa = PBXFileReference; fileEncoding = 4; lastKnownFileType = sourcecode.c.objc; path = HTTPFileResponse.m; sourceTree = "<group>"; };
		D422778213A052A900C77138 /* HTTPRedirectResponse.h */ = {isa = PBXFileReference; fileEncoding = 4; lastKnownFileType = sourcecode.c.h; path = HTTPRedirectResponse.h; sourceTree = "<group>"; };
		D422778313A052A900C77138 /* HTTPRedirectResponse.m */ = {isa = PBXFileReference; fileEncoding = 4; lastKnownFileType = sourcecode.c.objc; path = HTTPRedirectResponse.m; sourceTree = "<group>"; };
		D422778513A052A900C77138 /* DDData.h */ = {isa = PBXFileReference; fileEncoding = 4; lastKnownFileType = sourcecode.c.h; path = DDData.h; sourceTree = "<group>"; };
		D422778613A052A900C77138 /* DDData.m */ = {isa = PBXFileReference; fileEncoding = 4; lastKnownFileType = sourcecode.c.objc; path = DDData.m; sourceTree = "<group>"; };
		D422778713A052A900C77138 /* DDNumber.h */ = {isa = PBXFileReference; fileEncoding = 4; lastKnownFileType = sourcecode.c.h; path = DDNumber.h; sourceTree = "<group>"; };
		D422778813A052A900C77138 /* DDNumber.m */ = {isa = PBXFileReference; fileEncoding = 4; lastKnownFileType = sourcecode.c.objc; path = DDNumber.m; sourceTree = "<group>"; };
		D422778913A052A900C77138 /* DDRange.h */ = {isa = PBXFileReference; fileEncoding = 4; lastKnownFileType = sourcecode.c.h; path = DDRange.h; sourceTree = "<group>"; };
		D422778A13A052A900C77138 /* DDRange.m */ = {isa = PBXFileReference; fileEncoding = 4; lastKnownFileType = sourcecode.c.objc; path = DDRange.m; sourceTree = "<group>"; };
		D42277D213A053FB00C77138 /* CFNetwork.framework */ = {isa = PBXFileReference; lastKnownFileType = wrapper.framework; name = CFNetwork.framework; path = System/Library/Frameworks/CFNetwork.framework; sourceTree = SDKROOT; };
/* End PBXFileReference section */

/* Begin PBXFrameworksBuildPhase section */
		1D60588F0D05DD3D006BFB54 /* Frameworks */ = {
			isa = PBXFrameworksBuildPhase;
			buildActionMask = 2147483647;
			files = (
				1D60589F0D05DD5A006BFB54 /* Foundation.framework in Frameworks */,
				1DF5F4E00D08C38300B7A737 /* UIKit.framework in Frameworks */,
				288765A50DF7441C002DB57D /* CoreGraphics.framework in Frameworks */,
				28D801B40F44B63D00FB423F /* CoreData.framework in Frameworks */,
				D42277D313A053FB00C77138 /* CFNetwork.framework in Frameworks */,
			);
			runOnlyForDeploymentPostprocessing = 0;
		};
/* End PBXFrameworksBuildPhase section */

/* Begin PBXGroup section */
		080E96DDFE201D6D7F000001 /* Classes */ = {
			isa = PBXGroup;
			children = (
				1D3623240D0F684500981E51 /* ReceptacleSandboxAppDelegate.h */,
				1D3623250D0F684500981E51 /* ReceptacleSandboxAppDelegate.m */,
				D4042B1813A069A700410813 /* MyHttpConnection.h */,
				D4042B1913A069A700410813 /* MyHttpConnection.m */,
			);
			path = Classes;
			sourceTree = "<group>";
		};
		19C28FACFE9D520D11CA2CBB /* Products */ = {
			isa = PBXGroup;
			children = (
				1D6058910D05DD3D006BFB54 /* ReceptacleSandbox.app */,
			);
			name = Products;
			sourceTree = "<group>";
		};
		29B97314FDCFA39411CA2CEA /* CustomTemplate */ = {
			isa = PBXGroup;
			children = (
				D422776C13A052A900C77138 /* HTTP */,
				D422776913A052A900C77138 /* TCP */,
				D422776013A052A900C77138 /* Logging */,
				080E96DDFE201D6D7F000001 /* Classes */,
				29B97315FDCFA39411CA2CEA /* Other Sources */,
				29B97317FDCFA39411CA2CEA /* Resources */,
				29B97323FDCFA39411CA2CEA /* Frameworks */,
				19C28FACFE9D520D11CA2CBB /* Products */,
			);
			name = CustomTemplate;
			sourceTree = "<group>";
		};
		29B97315FDCFA39411CA2CEA /* Other Sources */ = {
			isa = PBXGroup;
			children = (
				32CA4F630368D1EE00C91783 /* ReceptacleSandbox_Prefix.pch */,
				29B97316FDCFA39411CA2CEA /* main.m */,
			);
			name = "Other Sources";
			sourceTree = "<group>";
		};
		29B97317FDCFA39411CA2CEA /* Resources */ = {
			isa = PBXGroup;
			children = (
				28193054112F811F00ECF9B4 /* ReceptacleSandbox.xcdatamodeld */,
				28AD733E0D9D9553002E5188 /* MainWindow.xib */,
				8D1107310486CEB800E47090 /* ReceptacleSandbox-Info.plist */,
			);
			name = Resources;
			sourceTree = "<group>";
		};
		29B97323FDCFA39411CA2CEA /* Frameworks */ = {
			isa = PBXGroup;
			children = (
				1DF5F4DF0D08C38300B7A737 /* UIKit.framework */,
				1D30AB110D05D00D00671497 /* Foundation.framework */,
				288765A40DF7441C002DB57D /* CoreGraphics.framework */,
				28D801B30F44B63D00FB423F /* CoreData.framework */,
				D42277D213A053FB00C77138 /* CFNetwork.framework */,
			);
			name = Frameworks;
			sourceTree = "<group>";
		};
		D422776013A052A900C77138 /* Logging */ = {
			isa = PBXGroup;
			children = (
				D422776113A052A900C77138 /* DDLog.h */,
				D422776213A052A900C77138 /* DDLog.m */,
				D422776313A052A900C77138 /* DDTTYLogger.h */,
				D422776413A052A900C77138 /* DDTTYLogger.m */,
				D422776513A052A900C77138 /* DDASLLogger.h */,
				D422776613A052A900C77138 /* DDASLLogger.m */,
				D422776713A052A900C77138 /* DDFileLogger.h */,
				D422776813A052A900C77138 /* DDFileLogger.m */,
			);
			name = Logging;
			sourceTree = "<group>";
		};
		D422776913A052A900C77138 /* TCP */ = {
			isa = PBXGroup;
			children = (
				D422776A13A052A900C77138 /* GCDAsyncSocket.h */,
				D422776B13A052A900C77138 /* GCDAsyncSocket.m */,
			);
			name = TCP;
			sourceTree = "<group>";
		};
		D422776C13A052A900C77138 /* HTTP */ = {
			isa = PBXGroup;
			children = (
				D422776D13A052A900C77138 /* HTTPLogging.h */,
				D422776E13A052A900C77138 /* HTTPAuthenticationRequest.h */,
				D422776F13A052A900C77138 /* HTTPAuthenticationRequest.m */,
				D422777013A052A900C77138 /* HTTPServer.h */,
				D422777113A052A900C77138 /* HTTPServer.m */,
				D422777213A052A900C77138 /* HTTPConnection.h */,
				D422777313A052A900C77138 /* HTTPConnection.m */,
				D422777413A052A900C77138 /* HTTPMessage.h */,
				D422777513A052A900C77138 /* HTTPMessage.m */,
				D422777613A052A900C77138 /* HTTPResponse.h */,
				D422777713A052A900C77138 /* WebSocket.h */,
				D422777813A052A900C77138 /* WebSocket.m */,
				D422777913A052A900C77138 /* Responses */,
				D422778413A052A900C77138 /* Categories */,
			);
			name = HTTP;
			sourceTree = "<group>";
		};
		D422777913A052A900C77138 /* Responses */ = {
			isa = PBXGroup;
			children = (
				D422777A13A052A900C77138 /* HTTPAsyncFileResponse.h */,
				D422777B13A052A900C77138 /* HTTPAsyncFileResponse.m */,
				D422777C13A052A900C77138 /* HTTPDataResponse.h */,
				D422777D13A052A900C77138 /* HTTPDataResponse.m */,
				D422777E13A052A900C77138 /* HTTPDynamicFileResponse.h */,
				D422777F13A052A900C77138 /* HTTPDynamicFileResponse.m */,
				D422778013A052A900C77138 /* HTTPFileResponse.h */,
				D422778113A052A900C77138 /* HTTPFileResponse.m */,
				D422778213A052A900C77138 /* HTTPRedirectResponse.h */,
				D422778313A052A900C77138 /* HTTPRedirectResponse.m */,
			);
			name = Responses;
			path = ../cocoahttpserver/Core/Responses;
			sourceTree = SOURCE_ROOT;
		};
		D422778413A052A900C77138 /* Categories */ = {
			isa = PBXGroup;
			children = (
				D422778513A052A900C77138 /* DDData.h */,
				D422778613A052A900C77138 /* DDData.m */,
				D422778713A052A900C77138 /* DDNumber.h */,
				D422778813A052A900C77138 /* DDNumber.m */,
				D422778913A052A900C77138 /* DDRange.h */,
				D422778A13A052A900C77138 /* DDRange.m */,
			);
			name = Categories;
			path = ../cocoahttpserver/Core/Categories;
			sourceTree = SOURCE_ROOT;
		};
/* End PBXGroup section */

/* Begin PBXNativeTarget section */
		1D6058900D05DD3D006BFB54 /* ReceptacleSandbox */ = {
			isa = PBXNativeTarget;
			buildConfigurationList = 1D6058960D05DD3E006BFB54 /* Build configuration list for PBXNativeTarget "ReceptacleSandbox" */;
			buildPhases = (
				1D60588D0D05DD3D006BFB54 /* Resources */,
				1D60588E0D05DD3D006BFB54 /* Sources */,
				1D60588F0D05DD3D006BFB54 /* Frameworks */,
			);
			buildRules = (
			);
			dependencies = (
			);
			name = ReceptacleSandbox;
			productName = ReceptacleSandbox;
			productReference = 1D6058910D05DD3D006BFB54 /* ReceptacleSandbox.app */;
			productType = "com.apple.product-type.application";
		};
/* End PBXNativeTarget section */

/* Begin PBXProject section */
		29B97313FDCFA39411CA2CEA /* Project object */ = {
			isa = PBXProject;
			buildConfigurationList = C01FCF4E08A954540054247B /* Build configuration list for PBXProject "ReceptacleSandbox" */;
			compatibilityVersion = "Xcode 3.2";
			developmentRegion = English;
			hasScannedForEncodings = 1;
			knownRegions = (
				English,
				Japanese,
				French,
				German,
			);
			mainGroup = 29B97314FDCFA39411CA2CEA /* CustomTemplate */;
			projectDirPath = "";
			projectRoot = "";
			targets = (
				1D6058900D05DD3D006BFB54 /* ReceptacleSandbox */,
			);
		};
/* End PBXProject section */

/* Begin PBXResourcesBuildPhase section */
		1D60588D0D05DD3D006BFB54 /* Resources */ = {
			isa = PBXResourcesBuildPhase;
			buildActionMask = 2147483647;
			files = (
				28AD733F0D9D9553002E5188 /* MainWindow.xib in Resources */,
			);
			runOnlyForDeploymentPostprocessing = 0;
		};
/* End PBXResourcesBuildPhase section */

/* Begin PBXSourcesBuildPhase section */
		1D60588E0D05DD3D006BFB54 /* Sources */ = {
			isa = PBXSourcesBuildPhase;
			buildActionMask = 2147483647;
			files = (
				1D60589B0D05DD56006BFB54 /* main.m in Sources */,
				1D3623260D0F684500981E51 /* ReceptacleSandboxAppDelegate.m in Sources */,
				28193055112F811F00ECF9B4 /* ReceptacleSandbox.xcdatamodeld in Sources */,
				D422778B13A052A900C77138 /* DDLog.m in Sources */,
				D422778C13A052A900C77138 /* DDTTYLogger.m in Sources */,
				D422778D13A052A900C77138 /* DDASLLogger.m in Sources */,
				D422778E13A052A900C77138 /* DDFileLogger.m in Sources */,
				D422778F13A052A900C77138 /* GCDAsyncSocket.m in Sources */,
				D422779013A052A900C77138 /* HTTPAuthenticationRequest.m in Sources */,
				D422779113A052A900C77138 /* HTTPServer.m in Sources */,
				D422779213A052A900C77138 /* HTTPConnection.m in Sources */,
				D422779313A052A900C77138 /* HTTPMessage.m in Sources */,
				D422779413A052A900C77138 /* WebSocket.m in Sources */,
				D422779513A052A900C77138 /* HTTPAsyncFileResponse.m in Sources */,
				D422779613A052A900C77138 /* HTTPDataResponse.m in Sources */,
				D422779713A052A900C77138 /* HTTPDynamicFileResponse.m in Sources */,
				D422779813A052A900C77138 /* HTTPFileResponse.m in Sources */,
				D422779913A052A900C77138 /* HTTPRedirectResponse.m in Sources */,
				D422779A13A052A900C77138 /* DDData.m in Sources */,
				D422779B13A052A900C77138 /* DDNumber.m in Sources */,
				D422779C13A052A900C77138 /* DDRange.m in Sources */,
				D4042B1A13A069A700410813 /* MyHttpConnection.m in Sources */,
			);
			runOnlyForDeploymentPostprocessing = 0;
		};
/* End PBXSourcesBuildPhase section */

/* Begin XCBuildConfiguration section */
		1D6058940D05DD3E006BFB54 /* Debug */ = {
			isa = XCBuildConfiguration;
			buildSettings = {
				ALWAYS_SEARCH_USER_PATHS = NO;
				COPY_PHASE_STRIP = NO;
				GCC_DYNAMIC_NO_PIC = NO;
				GCC_OPTIMIZATION_LEVEL = 0;
				GCC_PRECOMPILE_PREFIX_HEADER = YES;
				GCC_PREFIX_HEADER = ReceptacleSandbox_Prefix.pch;
				INFOPLIST_FILE = "ReceptacleSandbox-Info.plist";
				PRODUCT_NAME = ReceptacleSandbox;
			};
			name = Debug;
		};
		1D6058950D05DD3E006BFB54 /* Release */ = {
			isa = XCBuildConfiguration;
			buildSettings = {
				ALWAYS_SEARCH_USER_PATHS = NO;
				COPY_PHASE_STRIP = YES;
				GCC_PRECOMPILE_PREFIX_HEADER = YES;
				GCC_PREFIX_HEADER = ReceptacleSandbox_Prefix.pch;
				INFOPLIST_FILE = "ReceptacleSandbox-Info.plist";
				PRODUCT_NAME = ReceptacleSandbox;
				VALIDATE_PRODUCT = YES;
			};
			name = Release;
		};
		C01FCF4F08A954540054247B /* Debug */ = {
			isa = XCBuildConfiguration;
			buildSettings = {
				ARCHS = "$(ARCHS_UNIVERSAL_IPHONE_OS)";
				"CODE_SIGN_IDENTITY[sdk=iphoneos*]" = "iPhone Developer";
				GCC_C_LANGUAGE_STANDARD = c99;
				GCC_WARN_ABOUT_RETURN_TYPE = YES;
				GCC_WARN_UNUSED_VARIABLE = YES;
				PREBINDING = NO;
				SDKROOT = iphoneos;
				TARGETED_DEVICE_FAMILY = 2;
			};
			name = Debug;
		};
		C01FCF5008A954540054247B /* Release */ = {
			isa = XCBuildConfiguration;
			buildSettings = {
				ARCHS = "$(ARCHS_UNIVERSAL_IPHONE_OS)";
				"CODE_SIGN_IDENTITY[sdk=iphoneos*]" = "iPhone Developer";
				GCC_C_LANGUAGE_STANDARD = c99;
				GCC_WARN_ABOUT_RETURN_TYPE = YES;
				GCC_WARN_UNUSED_VARIABLE = YES;
				OTHER_CFLAGS = "-DNS_BLOCK_ASSERTIONS=1";
				PREBINDING = NO;
				SDKROOT = iphoneos;
				TARGETED_DEVICE_FAMILY = 2;
			};
			name = Release;
		};
/* End XCBuildConfiguration section */

/* Begin XCConfigurationList section */
		1D6058960D05DD3E006BFB54 /* Build configuration list for PBXNativeTarget "ReceptacleSandbox" */ = {
			isa = XCConfigurationList;
			buildConfigurations = (
				1D6058940D05DD3E006BFB54 /* Debug */,
				1D6058950D05DD3E006BFB54 /* Release */,
			);
			defaultConfigurationIsVisible = 0;
			defaultConfigurationName = Release;
		};
		C01FCF4E08A954540054247B /* Build configuration list for PBXProject "ReceptacleSandbox" */ = {
			isa = XCConfigurationList;
			buildConfigurations = (
				C01FCF4F08A954540054247B /* Debug */,
				C01FCF5008A954540054247B /* Release */,
			);
			defaultConfigurationIsVisible = 0;
			defaultConfigurationName = Release;
		};
/* End XCConfigurationList section */

/* Begin XCVersionGroup section */
		28193054112F811F00ECF9B4 /* ReceptacleSandbox.xcdatamodeld */ = {
			isa = XCVersionGroup;
			children = (
				28C3AD890F43EF2300507BA6 /* ReceptacleSandbox.xcdatamodel */,
			);
			currentVersion = 28C3AD890F43EF2300507BA6 /* ReceptacleSandbox.xcdatamodel */;
			path = ReceptacleSandbox.xcdatamodeld;
			sourceTree = "<group>";
			versionGroupType = wrapper.xcdatamodel;
		};
/* End XCVersionGroup section */
	};
	rootObject = 29B97313FDCFA39411CA2CEA /* Project object */;
}
